
Microsoft Visual Studio Solution File, Format Version 12.00
# Visual Studio Version 17
VisualStudioVersion = 17.6.33723.286
MinimumVisualStudioVersion = 10.0.40219.1
Project("{9A19103F-16F7-4668-BE54-9A1E7A4F7556}") = "Breeze.Api", "Breeze.Api\Breeze.Api.csproj", "{F3364EA1-0AB4-4A7F-8B63-42024E0C7828}"
EndProject
Project("{9A19103F-16F7-4668-BE54-9A1E7A4F7556}") = "Breeze.Domain", "Breeze.Domain\Breeze.Domain.csproj", "{BAD68959-5D4C-4A22-A9B7-728BE749B340}"
EndProject
Project("{9A19103F-16F7-4668-BE54-9A1E7A4F7556}") = "Breeze.Data", "Breeze.Data\Breeze.Data.csproj", "{90361944-4CD3-4D40-B1BC-97F942E93B91}"
EndProject
Project("{00D1A9C2-B5F0-4AF3-8072-F6C62B433612}") = "Breeze.Sql", "Breeze.Sql\Breeze.Sql.sqlproj", "{28722EA8-1C05-46B9-9EEA-02DBA7264E82}"
EndProject
Project("{2150E333-8FDC-42A3-9474-1A3956D46DE8}") = "Solution Items", "Solution Items", "{F895DE08-0C51-4CCE-ABCF-CDE0D95E50E6}"
	ProjectSection(SolutionItems) = preProject
		.editorconfig = .editorconfig
	EndProjectSection
EndProject
Global
	GlobalSection(SolutionConfigurationPlatforms) = preSolution
		Debug|Any CPU = Debug|Any CPU
		Release|Any CPU = Release|Any CPU
	EndGlobalSection
	GlobalSection(ProjectConfigurationPlatforms) = postSolution
		{F3364EA1-0AB4-4A7F-8B63-42024E0C7828}.Debug|Any CPU.ActiveCfg = Debug|Any CPU
		{F3364EA1-0AB4-4A7F-8B63-42024E0C7828}.Debug|Any CPU.Build.0 = Debug|Any CPU
		{F3364EA1-0AB4-4A7F-8B63-42024E0C7828}.Release|Any CPU.ActiveCfg = Release|Any CPU
		{F3364EA1-0AB4-4A7F-8B63-42024E0C7828}.Release|Any CPU.Build.0 = Release|Any CPU
		{BAD68959-5D4C-4A22-A9B7-728BE749B340}.Debug|Any CPU.ActiveCfg = Debug|Any CPU
		{BAD68959-5D4C-4A22-A9B7-728BE749B340}.Debug|Any CPU.Build.0 = Debug|Any CPU
		{BAD68959-5D4C-4A22-A9B7-728BE749B340}.Release|Any CPU.ActiveCfg = Release|Any CPU
		{BAD68959-5D4C-4A22-A9B7-728BE749B340}.Release|Any CPU.Build.0 = Release|Any CPU
		{90361944-4CD3-4D40-B1BC-97F942E93B91}.Debug|Any CPU.ActiveCfg = Debug|Any CPU
		{90361944-4CD3-4D40-B1BC-97F942E93B91}.Debug|Any CPU.Build.0 = Debug|Any CPU
		{90361944-4CD3-4D40-B1BC-97F942E93B91}.Release|Any CPU.ActiveCfg = Release|Any CPU
		{90361944-4CD3-4D40-B1BC-97F942E93B91}.Release|Any CPU.Build.0 = Release|Any CPU
		{28722EA8-1C05-46B9-9EEA-02DBA7264E82}.Debug|Any CPU.ActiveCfg = Debug|Any CPU
		{28722EA8-1C05-46B9-9EEA-02DBA7264E82}.Debug|Any CPU.Build.0 = Debug|Any CPU
		{28722EA8-1C05-46B9-9EEA-02DBA7264E82}.Debug|Any CPU.Deploy.0 = Debug|Any CPU
		{28722EA8-1C05-46B9-9EEA-02DBA7264E82}.Release|Any CPU.ActiveCfg = Release|Any CPU
		{28722EA8-1C05-46B9-9EEA-02DBA7264E82}.Release|Any CPU.Build.0 = Release|Any CPU
		{28722EA8-1C05-46B9-9EEA-02DBA7264E82}.Release|Any CPU.Deploy.0 = Release|Any CPU
	EndGlobalSection
	GlobalSection(SolutionProperties) = preSolution
		HideSolutionNode = FALSE
	EndGlobalSection
	GlobalSection(ExtensibilityGlobals) = postSolution
		SolutionGuid = {3003B5C0-FAA0-49DA-AD91-987FD0952FD1}
	EndGlobalSection
EndGlobal
